
Microsoft Visual Studio Solution File, Format Version 12.00
# Visual Studio Version 16
VisualStudioVersion = 16.0.30717.126
MinimumVisualStudioVersion = 10.0.40219.1
Project("{FAE04EC0-301F-11D3-BF4B-00C04F79EFBC}") = "RentalKendaraan", "RentalKendaraan\RentalKendaraan.csproj", "{C412D060-89B3-4858-BD42-953FFC5C8F80}"
EndProject
Global
	GlobalSection(SolutionConfigurationPlatforms) = preSolution
		Debug|Any CPU = Debug|Any CPU
		Release|Any CPU = Release|Any CPU
	EndGlobalSection
	GlobalSection(ProjectConfigurationPlatforms) = postSolution
		{C412D060-89B3-4858-BD42-953FFC5C8F80}.Debug|Any CPU.ActiveCfg = Debug|Any CPU
		{C412D060-89B3-4858-BD42-953FFC5C8F80}.Debug|Any CPU.Build.0 = Debug|Any CPU
		{C412D060-89B3-4858-BD42-953FFC5C8F80}.Release|Any CPU.ActiveCfg = Release|Any CPU
		{C412D060-89B3-4858-BD42-953FFC5C8F80}.Release|Any CPU.Build.0 = Release|Any CPU
	EndGlobalSection
	GlobalSection(SolutionProperties) = preSolution
		HideSolutionNode = FALSE
	EndGlobalSection
	GlobalSection(ExtensibilityGlobals) = postSolution
		SolutionGuid = {439707C2-6B02-41B4-ADB3-471F2BBA68BA}
	EndGlobalSection
EndGlobal
